
Microsoft Visual Studio Solution File, Format Version 12.00
# Visual Studio Version 17
VisualStudioVersion = 17.4.33403.182
MinimumVisualStudioVersion = 10.0.40219.1
Project("{FAE04EC0-301F-11D3-BF4B-00C04F79EFBC}") = "ProblemaGimnasio", "ProblemaGimnasio\ProblemaGimnasio.csproj", "{D40FDAEC-A9C8-4D5B-93B3-C1323B314258}"
EndProject
Global
	GlobalSection(SolutionConfigurationPlatforms) = preSolution
		Debug|Any CPU = Debug|Any CPU
		Release|Any CPU = Release|Any CPU
	EndGlobalSection
	GlobalSection(ProjectConfigurationPlatforms) = postSolution
		{D40FDAEC-A9C8-4D5B-93B3-C1323B314258}.Debug|Any CPU.ActiveCfg = Debug|Any CPU
		{D40FDAEC-A9C8-4D5B-93B3-C1323B314258}.Debug|Any CPU.Build.0 = Debug|Any CPU
		{D40FDAEC-A9C8-4D5B-93B3-C1323B314258}.Release|Any CPU.ActiveCfg = Release|Any CPU
		{D40FDAEC-A9C8-4D5B-93B3-C1323B314258}.Release|Any CPU.Build.0 = Release|Any CPU
	EndGlobalSection
	GlobalSection(SolutionProperties) = preSolution
		HideSolutionNode = FALSE
	EndGlobalSection
	GlobalSection(ExtensibilityGlobals) = postSolution
		SolutionGuid = {5403142F-E9A8-4470-AC49-8B6DB08C8AD0}
	EndGlobalSection
EndGlobal
